hash: 9d467015838b5163cc5f1ebb92fa68fd4721445b2dbf236a03d002c92b4ba52a
updated: 2018-12-24T15:20:01.207901397Z
imports:
- name: github.com/asaskevich/EventBus
  version: 68a521d7cbbb7a859c2608b06342f384b3bd5f5a
- name: github.com/garyburd/redigo
  version: 8873b2f1995f59d4bcdd2b0dc9858e2cb9bf0c13
  subpackages:
  - internal
  - redis
- name: github.com/go-sql-driver/mysql
  version: 72cd26f257d44c1114970e19afddcd812016007e
- name: github.com/gomodule/redigo
  version: 8873b2f1995f59d4bcdd2b0dc9858e2cb9bf0c13
  subpackages:
  - redis
- name: github.com/inconshreveable/mousetrap
  version: 76626ae9c91c4f2a10f34cad8ce83ea42c93bb75
- name: github.com/rakyll/statik
  version: 79258177a57a85a8ab2eca7ce0936aad80307f4e
  subpackages:
  - fs
- name: github.com/sirupsen/logrus
  version: 3e01752db0189b9157070a0e1668a620f9a85da2
- name: github.com/spf13/cobra
  version: d2d81d9a96e23f0255397222bb0b4e3165e492dc
- name: github.com/spf13/pflag
  version: 24fa6976df40757dce6aea913e7b81ade90530e1
- name: golang.org/x/crypto
  version: 505ab145d0a99da450461ae2c1a9f6cd10d1f447
  subpackages:
  - ssh/terminal
- name: golang.org/x/net
  version: 927f97764cc334a6575f4b7a1584a147864d5723
  subpackages:
  - html
  - html/atom
  - html/charset
- name: golang.org/x/sys
  version: 7dca6fe1f43775aa6d1334576870ff63f978f539
  subpackages:
  - unix
  - windows
- name: golang.org/x/text
  version: 17bcc049122f272a32787ba38073ee47433023e9
  subpackages:
  - encoding
  - encoding/charmap
  - encoding/htmlindex
  - encoding/internal
  - encoding/internal/identifier
  - encoding/japanese
  - encoding/korean
  - encoding/simplifiedchinese
  - encoding/traditionalchinese
  - encoding/unicode
  - internal/language
  - internal/language/compact
  - internal/tag
  - internal/utf8internal
  - language
  - runes
  - transform
- name: google.golang.org/appengine
  version: e9657d882bb81064595ca3b56cbe2546bbabf7b1
  subpackages:
  - cloudsql
- name: gopkg.in/iconv.v1
  version: 16a760eb7e186ae0e3aedda00d4a1daa4d0701d8
testImports: []
