hash: ce60d2a4a0a6b12d61788d65a3c64a31f0174e91ab796544260398dd0aa43114
updated: 2017-01-24T11:26:52.507726508-08:00
imports:
- name: github.com/garyburd/redigo
  version: 8873b2f1995f59d4bcdd2b0dc9858e2cb9bf0c13
  subpackages:
  - internal
  - redis
- name: github.com/gorilla/context
  version: 08b5f424b9271eedf6f9f0ce86cb9396ed337a42
- name: github.com/gorilla/mux
  version: 392c28fe23e1c45ddba891b0320b3b5df220beea
- name: github.com/gorilla/websocket
  version: 0674c7c7968d9fac5f0f678325161ec31df406af
- name: github.com/inconshreveable/mousetrap
  version: 76626ae9c91c4f2a10f34cad8ce83ea42c93bb75
- name: github.com/rakyll/statik
  version: 274df120e9065bdd08eb1120e0375e3dc1ae8465
  subpackages:
  - fs
- name: github.com/Sirupsen/logrus
  version: d26492970760ca5d33129d2d799e34be5c4782eb
- name: github.com/sloonz/go-qprintable
  version: 775b3a4592d5bfc47b0ba398ec0d4dba018e5926
- name: github.com/spf13/cobra
  version: 0f056af21f5f368e5b0646079d0094a2c64150f7
- name: github.com/spf13/pflag
  version: a232f6d9f87afaaa08bafaff5da685f974b83313
- name: github.com/ziutek/mymysql
  version: e08c2f35356576b3c3690c252fe5dca728ae9292
  subpackages:
  - autorc
  - godrv
  - mysql
  - native
- name: golang.org/x/sys
  version: 478fcf54317e52ab69f40bb4c7a1520288d7f7ea
  subpackages:
  - unix
- name: gopkg.in/iconv.v1
  version: 16a760eb7e186ae0e3aedda00d4a1daa4d0701d8
testImports: []
